{
  "name": "tmpcloka37b",
  "lockfileVersion": 3,
  "requires": true,
  "packages": {
    "": {
      "dependencies": {
        "@tanstack/react-table": "^8.20.5",
        "lucide-react": "^0.468.0"
      }
    },
    "node_modules/@tanstack/react-table": {
      "version": "8.20.5",
      "resolved": "https://registry.npmjs.org/@tanstack/react-table/-/react-table-8.20.5.tgz",
      "integrity": "sha512-WEHopKw3znbUZ61s9i0+i9g8drmDo6asTWbrQh8Us63DAk/M0FkmIqERew6P71HI75ksZ2Pxyuf4vvKh9rAkiA==",
      "license": "MIT",
      "dependencies": {
        "@tanstack/table-core": "8.20.5"
      },
      "engines": {
        "node": ">=12"
      },
      "funding": {
        "type": "github",
        "url": "https://github.com/sponsors/tannerlinsley"
      },
      "peerDependencies": {
        "react": ">=16.8",
        "react-dom": ">=16.8"
      }
    },
    "node_modules/@tanstack/table-core": {
      "version": "8.20.5",
      "resolved": "https://registry.npmjs.org/@tanstack/table-core/-/table-core-8.20.5.tgz",
      "integrity": "sha512-P9dF7XbibHph2PFRz8gfBKEXEY/HJPOhym8CHmjF8y3q5mWpKx9xtZapXQUWCgkqvsK0R46Azuz+VaxD4Xl+Tg==",
      "license": "MIT",
      "engines": {
        "node": ">=12"
      },
      "funding": {
        "type": "github",
        "url": "https://github.com/sponsors/tannerlinsley"
      }
    },
    "node_modules/lucide-react": {
      "version": "0.468.0",
      "resolved": "https://registry.npmjs.org/lucide-react/-/lucide-react-0.468.0.tgz",
      "integrity": "sha512-6koYRhnM2N0GGZIdXzSeiNwguv1gt/FAjZOiPl76roBi3xKEXa4WmfpxgQwTTL4KipXjefrnf3oV4IsYhi4JFA==",
      "license": "ISC",
      "peerDependencies": {
        "react": "^16.5.1 || ^17.0.0 || ^18.0.0 || ^19.0.0-rc"
      }
    }
  }
}
